{
  "version": 1,
  "dependencies": {
    "net10.0": {
      "StbImageSharp": {
        "type": "Direct",
        "requested": "[2.30.16, )",
        "resolved": "2.30.16",
        "contentHash": "qg1i+NHihXVKLKYacGKrauhSQIGL31eBWcTC4Vc7jnGmBFj87LkRuCdXB5aDZisWMRnB6x2mcfwYXQxMWEG/lw=="
      }
    }
  }
}